Microsoft Visual Studio Solution File, Format Version 11.00
# Visual Studio 2008

Project("{EFBDE09D-4CE3-4532-F804-AF09DABBBB36}") = "UnityAds - Unity 5", "Assembly-CSharp-firstpass-vs.csproj", "{3E94B6E5-61D2-F36A-F67E-3BEBC282012F}"
EndProject
Project("{EFBDE09D-4CE3-4532-F804-AF09DABBBB36}") = "UnityAds - Unity 5", "Assembly-CSharp-vs.csproj", "{C9032257-CDA8-6130-BAC1-BF5D76205D36}"
EndProject
Project("{EFBDE09D-4CE3-4532-F804-AF09DABBBB36}") = "UnityAds - Unity 5", "Assembly-CSharp-Editor-firstpass-vs.csproj", "{09005B9E-DF7F-D1ED-4D1A-2E885FC95405}"
EndProject
Global
	GlobalSection(SolutionConfigurationPlatforms) = preSolution
		Debug|Any CPU = Debug|Any CPU
		Release|Any CPU = Release|Any CPU
	EndGlobalSection
	GlobalSection(ProjectConfigurationPlatforms) = postSolution
		{3E94B6E5-61D2-F36A-F67E-3BEBC282012F}.Debug|Any CPU.ActiveCfg = Debug|Any CPU
		{3E94B6E5-61D2-F36A-F67E-3BEBC282012F}.Debug|Any CPU.Build.0 = Debug|Any CPU
		{3E94B6E5-61D2-F36A-F67E-3BEBC282012F}.Release|Any CPU.ActiveCfg = Release|Any CPU
		{3E94B6E5-61D2-F36A-F67E-3BEBC282012F}.Release|Any CPU.Build.0 = Release|Any CPU
		{C9032257-CDA8-6130-BAC1-BF5D76205D36}.Debug|Any CPU.ActiveCfg = Debug|Any CPU
		{C9032257-CDA8-6130-BAC1-BF5D76205D36}.Debug|Any CPU.Build.0 = Debug|Any CPU
		{C9032257-CDA8-6130-BAC1-BF5D76205D36}.Release|Any CPU.ActiveCfg = Release|Any CPU
		{C9032257-CDA8-6130-BAC1-BF5D76205D36}.Release|Any CPU.Build.0 = Release|Any CPU
		{09005B9E-DF7F-D1ED-4D1A-2E885FC95405}.Debug|Any CPU.ActiveCfg = Debug|Any CPU
		{09005B9E-DF7F-D1ED-4D1A-2E885FC95405}.Debug|Any CPU.Build.0 = Debug|Any CPU
		{09005B9E-DF7F-D1ED-4D1A-2E885FC95405}.Release|Any CPU.ActiveCfg = Release|Any CPU
		{09005B9E-DF7F-D1ED-4D1A-2E885FC95405}.Release|Any CPU.Build.0 = Release|Any CPU
	EndGlobalSection
	GlobalSection(SolutionProperties) = preSolution
		HideSolutionNode = FALSE
	EndGlobalSection
																																						GlobalSection(MonoDevelopProperties) = preSolution
		StartupItem = Assembly-CSharp.csproj
		Policies = $0
		$0.TextStylePolicy = $1
		$1.inheritsSet = null
		$1.scope = text/x-csharp
		$0.CSharpFormattingPolicy = $2
		$2.inheritsSet = Mono
		$2.inheritsScope = text/x-csharp
		$2.scope = text/x-csharp
		$0.TextStylePolicy = $3
		$3.FileWidth = 120
		$3.TabWidth = 4
		$3.EolMarker = Unix
		$3.inheritsSet = Mono
		$3.inheritsScope = text/plain
		$3.scope = text/plain
	EndGlobalSection

EndGlobal
